
Microsoft Visual Studio Solution File, Format Version 12.00
# Visual Studio 15
VisualStudioVersion = 15.0.28307.572
MinimumVisualStudioVersion = 10.0.40219.1
Project("{FAE04EC0-301F-11D3-BF4B-00C04F79EFBC}") = "ResupplyCalculation", "ResupplyCalculation\ResupplyCalculation.csproj", "{71768CDC-BE4D-4708-98E7-588E84B87417}"
EndProject
Global
	GlobalSection(SolutionConfigurationPlatforms) = preSolution
		Debug|Any CPU = Debug|Any CPU
		Release|Any CPU = Release|Any CPU
	EndGlobalSection
	GlobalSection(ProjectConfigurationPlatforms) = postSolution
		{71768CDC-BE4D-4708-98E7-588E84B87417}.Debug|Any CPU.ActiveCfg = Debug|Any CPU
		{71768CDC-BE4D-4708-98E7-588E84B87417}.Debug|Any CPU.Build.0 = Debug|Any CPU
		{71768CDC-BE4D-4708-98E7-588E84B87417}.Release|Any CPU.ActiveCfg = Release|Any CPU
		{71768CDC-BE4D-4708-98E7-588E84B87417}.Release|Any CPU.Build.0 = Release|Any CPU
	EndGlobalSection
	GlobalSection(SolutionProperties) = preSolution
		HideSolutionNode = FALSE
	EndGlobalSection
	GlobalSection(ExtensibilityGlobals) = postSolution
		SolutionGuid = {DF77A217-9B6D-487E-A316-0449D862C44C}
	EndGlobalSection
EndGlobal
